version = 1
revision = 2
requires-python = ">=3.12"

[[package]]
name = "anyio"
version = "4.9.0"
source = { registry = "https://pypi.org/simple" }
dependencies = [
    { name = "idna" },
    { name = "sniffio" },
    { name = "typing-extensions", marker = "python_full_version < '3.13'" },
]
sdist = { url = "https://files.pythonhosted.org/packages/95/7d/4c1bd541d4dffa1b52bd83fb8527089e097a106fc90b467a7313b105f840/anyio-4.9.0.tar.gz", hash = "sha256:673c0c244e15788651a4ff38710fea9675823028a6f08a5eda409e0c9840a028", size = 190949, upload-time = "2025-03-17T00:02:54.77Z" }
wheels = [
    { url = "https://files.pythonhosted.org/packages/a1/ee/48ca1a7c89ffec8b6a0c5d02b89c305671d5ffd8d3c94acf8b8c408575bb/anyio-4.9.0-py3-none-any.whl", hash = "sha256:9f76d541cad6e36af7beb62e978876f3b41e3e04f2c1fbf0884604c0a9c4d93c", size = 100916, upload-time = "2025-03-17T00:02:52.713Z" },
]

[[package]]
name = "attrs"
version = "25.3.0"
source = { registry = "https://pypi.org/simple" }
sdist = { url = "https://files.pythonhosted.org/packages/5a/b0/1367933a8532ee6ff8d63537de4f1177af4bff9f3e829baf7331f595bb24/attrs-25.3.0.tar.gz", hash = "sha256:75d7cefc7fb576747b2c81b4442d4d4a1ce0900973527c011d1030fd3bf4af1b", size = 812032, upload-time = "2025-03-13T11:10:22.779Z" }
wheels = [
    { url = "https://files.pythonhosted.org/packages/77/06/bb80f5f86020c4551da315d78b3ab75e8228f89f0162f2c3a819e407941a/attrs-25.3.0-py3-none-any.whl", hash = "sha256:427318ce031701fea540783410126f03899a97ffc6f61596ad581ac2e40e3bc3", size = 63815, upload-time = "2025-03-13T11:10:21.14Z" },
]

[[package]]
name = "authlib"
version = "1.6.0"
source = { registry = "https://pypi.org/simple" }
dependencies = [
    { name = "cryptography" },
]
sdist = { url = "https://files.pythonhosted.org/packages/a2/9d/b1e08d36899c12c8b894a44a5583ee157789f26fc4b176f8e4b6217b56e1/authlib-1.6.0.tar.gz", hash = "sha256:4367d32031b7af175ad3a323d571dc7257b7099d55978087ceae4a0d88cd3210", size = 158371, upload-time = "2025-05-23T00:21:45.011Z" }
wheels = [
    { url = "https://files.pythonhosted.org/packages/84/29/587c189bbab1ccc8c86a03a5d0e13873df916380ef1be461ebe6acebf48d/authlib-1.6.0-py2.py3-none-any.whl", hash = "sha256:91685589498f79e8655e8a8947431ad6288831d643f11c55c2143ffcc738048d", size = 239981, upload-time = "2025-05-23T00:21:43.075Z" },
]

[[package]]
name = "avro"
version = "1.12.0"
source = { registry = "https://pypi.org/simple" }
sdist = { url = "https://files.pythonhosted.org/packages/e6/73/48668732bbc8ae1e79b237f84e761204c8dd266c5e16e7601000aba471d3/avro-1.12.0.tar.gz", hash = "sha256:cad9c53b23ceed699c7af6bddced42e2c572fd6b408c257a7d4fc4e8cf2e2d6b", size = 91025, upload-time = "2024-08-05T12:12:57.926Z" }
wheels = [
    { url = "https://files.pythonhosted.org/packages/a8/f9/6c55a90a834594b1c4c6184e8d1b97fa881af84be8e6f4b3ebb2e9d8da19/avro-1.12.0-py2.py3-none-any.whl", hash = "sha256:9a255c72e1837341dd4f6ff57b2b6f68c0f0cecdef62dd04962e10fd33bec05b", size = 124227, upload-time = "2024-08-05T12:12:56.329Z" },
]

[[package]]
name = "cachetools"
version = "6.0.0"
source = { registry = "https://pypi.org/simple" }
sdist = { url = "https://files.pythonhosted.org/packages/c0/b0/f539a1ddff36644c28a61490056e5bae43bd7386d9f9c69beae2d7e7d6d1/cachetools-6.0.0.tar.gz", hash = "sha256:f225782b84438f828328fc2ad74346522f27e5b1440f4e9fd18b20ebfd1aa2cf", size = 30160, upload-time = "2025-05-23T20:01:13.076Z" }
wheels = [
    { url = "https://files.pythonhosted.org/packages/6a/c3/8bb087c903c95a570015ce84e0c23ae1d79f528c349cbc141b5c4e250293/cachetools-6.0.0-py3-none-any.whl", hash = "sha256:82e73ba88f7b30228b5507dce1a1f878498fc669d972aef2dde4f3a3c24f103e", size = 10964, upload-time = "2025-05-23T20:01:11.323Z" },
]

[[package]]
name = "certifi"
version = "2025.6.15"
source = { registry = "https://pypi.org/simple" }
sdist = { url = "https://files.pythonhosted.org/packages/73/f7/f14b46d4bcd21092d7d3ccef689615220d8a08fb25e564b65d20738e672e/certifi-2025.6.15.tar.gz", hash = "sha256:d747aa5a8b9bbbb1bb8c22bb13e22bd1f18e9796defa16bab421f7f7a317323b", size = 158753, upload-time = "2025-06-15T02:45:51.329Z" }
wheels = [
    { url = "https://files.pythonhosted.org/packages/84/ae/320161bd181fc06471eed047ecce67b693fd7515b16d495d8932db763426/certifi-2025.6.15-py3-none-any.whl", hash = "sha256:2e0c7ce7cb5d8f8634ca55d2ba7e6ec2689a2fd6537d8dec1296a477a4910057", size = 157650, upload-time = "2025-06-15T02:45:49.977Z" },
]

[[package]]
name = "cffi"
version = "1.17.1"
source = { registry = "https://pypi.org/simple" }
dependencies = [
    { name = "pycparser" },
]
sdist = { url = "https://files.pythonhosted.org/packages/fc/97/c783634659c2920c3fc70419e3af40972dbaf758daa229a7d6ea6135c90d/cffi-1.17.1.tar.gz", hash = "sha256:1c39c6016c32bc48dd54561950ebd6836e1670f2ae46128f67cf49e789c52824", size = 516621, upload-time = "2024-09-04T20:45:21.852Z" }
wheels = [
    { url = "https://files.pythonhosted.org/packages/5a/84/e94227139ee5fb4d600a7a4927f322e1d4aea6fdc50bd3fca8493caba23f/cffi-1.17.1-cp312-cp312-macosx_10_9_x86_64.whl", hash = "sha256:805b4371bf7197c329fcb3ead37e710d1bca9da5d583f5073b799d5c5bd1eee4", size = 183178, upload-time = "2024-09-04T20:44:12.232Z" },
    { url = "https://files.pythonhosted.org/packages/da/ee/fb72c2b48656111c4ef27f0f91da355e130a923473bf5ee75c5643d00cca/cffi-1.17.1-cp312-cp312-macosx_11_0_arm64.whl", hash = "sha256:733e99bc2df47476e3848417c5a4540522f234dfd4ef3ab7fafdf555b082ec0c", size = 178840, upload-time = "2024-09-04T20:44:13.739Z" },
    { url = "https://files.pythonhosted.org/packages/cc/b6/db007700f67d151abadf508cbfd6a1884f57eab90b1bb985c4c8c02b0f28/cffi-1.17.1-cp312-cp312-manylinux_2_12_i686.manylinux2010_i686.manylinux_2_17_i686.manylinux2014_i686.whl", hash = "sha256:1257bdabf294dceb59f5e70c64a3e2f462c30c7ad68092d01bbbfb1c16b1ba36", size = 454803, upload-time = "2024-09-04T20:44:15.231Z" },
    { url = "https://files.pythonhosted.org/packages/1a/df/f8d151540d8c200eb1c6fba8cd0dfd40904f1b0682ea705c36e6c2e97ab3/cffi-1.17.1-cp312-cp312-manylinux_2_17_aarch64.manylinux2014_aarch64.whl", hash = "sha256:da95af8214998d77a98cc14e3a3bd00aa191526343078b530ceb0bd710fb48a5", size = 478850, upload-time = "2024-09-04T20:44:17.188Z" },
    { url = "https://files.pythonhosted.org/packages/28/c0/b31116332a547fd2677ae5b78a2ef662dfc8023d67f41b2a83f7c2aa78b1/cffi-1.17.1-cp312-cp312-manylinux_2_17_ppc64le.manylinux2014_ppc64le.whl", hash = "sha256:d63afe322132c194cf832bfec0dc69a99fb9bb6bbd550f161a49e9e855cc78ff", size = 485729, upload-time = "2024-09-04T20:44:18.688Z" },
    { url = "https://files.pythonhosted.org/packages/91/2b/9a1ddfa5c7f13cab007a2c9cc295b70fbbda7cb10a286aa6810338e60ea1/cffi-1.17.1-cp312-cp312-manylinux_2_17_s390x.manylinux2014_s390x.whl", hash = "sha256:f79fc4fc25f1c8698ff97788206bb3c2598949bfe0fef03d299eb1b5356ada99", size = 471256, upload-time = "2024-09-04T20:44:20.248Z" },
    { url = "https://files.pythonhosted.org/packages/b2/d5/da47df7004cb17e4955df6a43d14b3b4ae77737dff8bf7f8f333196717bf/cffi-1.17.1-cp312-cp312-manylinux_2_17_x86_64.manylinux2014_x86_64.whl", hash = "sha256:b62ce867176a75d03a665bad002af8e6d54644fad99a3c70905c543130e39d93", size = 479424, upload-time = "2024-09-04T20:44:21.673Z" },
    { url = "https://files.pythonhosted.org/packages/0b/ac/2a28bcf513e93a219c8a4e8e125534f4f6db03e3179ba1c45e949b76212c/cffi-1.17.1-cp312-cp312-musllinux_1_1_aarch64.whl", hash = "sha256:386c8bf53c502fff58903061338ce4f4950cbdcb23e2902d86c0f722b786bbe3", size = 484568, upload-time = "2024-09-04T20:44:23.245Z" },
    { url = "https://files.pythonhosted.org/packages/d4/38/ca8a4f639065f14ae0f1d9751e70447a261f1a30fa7547a828ae08142465/cffi-1.17.1-cp312-cp312-musllinux_1_1_x86_64.whl", hash = "sha256:4ceb10419a9adf4460ea14cfd6bc43d08701f0835e979bf821052f1805850fe8", size = 488736, upload-time = "2024-09-04T20:44:24.757Z" },
    { url = "https://files.pythonhosted.org/packages/86/c5/28b2d6f799ec0bdecf44dced2ec5ed43e0eb63097b0f58c293583b406582/cffi-1.17.1-cp312-cp312-win32.whl", hash = "sha256:a08d7e755f8ed21095a310a693525137cfe756ce62d066e53f502a83dc550f65", size = 172448, upload-time = "2024-09-04T20:44:26.208Z" },
    { url = "https://files.pythonhosted.org/packages/50/b9/db34c4755a7bd1cb2d1603ac3863f22bcecbd1ba29e5ee841a4bc510b294/cffi-1.17.1-cp312-cp312-win_amd64.whl", hash = "sha256:51392eae71afec0d0c8fb1a53b204dbb3bcabcb3c9b807eedf3e1e6ccf2de903", size = 181976, upload-time = "2024-09-04T20:44:27.578Z" },
    { url = "https://files.pythonhosted.org/packages/8d/f8/dd6c246b148639254dad4d6803eb6a54e8c85c6e11ec9df2cffa87571dbe/cffi-1.17.1-cp313-cp313-macosx_10_13_x86_64.whl", hash = "sha256:f3a2b4222ce6b60e2e8b337bb9596923045681d71e5a082783484d845390938e", size = 182989, upload-time = "2024-09-04T20:44:28.956Z" },
    { url = "https://files.pythonhosted.org/packages/8b/f1/672d303ddf17c24fc83afd712316fda78dc6fce1cd53011b839483e1ecc8/cffi-1.17.1-cp313-cp313-macosx_11_0_arm64.whl", hash = "sha256:0984a4925a435b1da406122d4d7968dd861c1385afe3b45ba82b750f229811e2", size = 178802, upload-time = "2024-09-04T20:44:30.289Z" },
    { url = "https://files.pythonhosted.org/packages/0e/2d/eab2e858a91fdff70533cab61dcff4a1f55ec60425832ddfdc9cd36bc8af/cffi-1.17.1-cp313-cp313-manylinux_2_12_i686.manylinux2010_i686.manylinux_2_17_i686.manylinux2014_i686.whl", hash = "sha256:d01b12eeeb4427d3110de311e1774046ad344f5b1a7403101878976ecd7a10f3", size = 454792, upload-time = "2024-09-04T20:44:32.01Z" },
    { url = "https://files.pythonhosted.org/packages/75/b2/fbaec7c4455c604e29388d55599b99ebcc250a60050610fadde58932b7ee/cffi-1.17.1-cp313-cp313-manylinux_2_17_aarch64.manylinux2014_aarch64.whl", hash = "sha256:706510fe141c86a69c8ddc029c7910003a17353970cff3b904ff0686a5927683", size = 478893, upload-time = "2024-09-04T20:44:33.606Z" },
    { url = "https://files.pythonhosted.org/packages/4f/b7/6e4a2162178bf1935c336d4da8a9352cccab4d3a5d7914065490f08c0690/cffi-1.17.1-cp313-cp313-manylinux_2_17_ppc64le.manylinux2014_ppc64le.whl", hash = "sha256:de55b766c7aa2e2a3092c51e0483d700341182f08e67c63630d5b6f200bb28e5", size = 485810, upload-time = "2024-09-04T20:44:35.191Z" },
    { url = "https://files.pythonhosted.org/packages/c7/8a/1d0e4a9c26e54746dc08c2c6c037889124d4f59dffd853a659fa545f1b40/cffi-1.17.1-cp313-cp313-manylinux_2_17_s390x.manylinux2014_s390x.whl", hash = "sha256:c59d6e989d07460165cc5ad3c61f9fd8f1b4796eacbd81cee78957842b834af4", size = 471200, upload-time = "2024-09-04T20:44:36.743Z" },
    { url = "https://files.pythonhosted.org/packages/26/9f/1aab65a6c0db35f43c4d1b4f580e8df53914310afc10ae0397d29d697af4/cffi-1.17.1-cp313-cp313-manylinux_2_17_x86_64.manylinux2014_x86_64.whl", hash = "sha256:dd398dbc6773384a17fe0d3e7eeb8d1a21c2200473ee6806bb5e6a8e62bb73dd", size = 479447, upload-time = "2024-09-04T20:44:38.492Z" },
    { url = "https://files.pythonhosted.org/packages/5f/e4/fb8b3dd8dc0e98edf1135ff067ae070bb32ef9d509d6cb0f538cd6f7483f/cffi-1.17.1-cp313-cp313-musllinux_1_1_aarch64.whl", hash = "sha256:3edc8d958eb099c634dace3c7e16560ae474aa3803a5df240542b305d14e14ed", size = 484358, upload-time = "2024-09-04T20:44:40.046Z" },
    { url = "https://files.pythonhosted.org/packages/f1/47/d7145bf2dc04684935d57d67dff9d6d795b2ba2796806bb109864be3a151/cffi-1.17.1-cp313-cp313-musllinux_1_1_x86_64.whl", hash = "sha256:72e72408cad3d5419375fc87d289076ee319835bdfa2caad331e377589aebba9", size = 488469, upload-time = "2024-09-04T20:44:41.616Z" },
    { url = "https://files.pythonhosted.org/packages/bf/ee/f94057fa6426481d663b88637a9a10e859e492c73d0384514a17d78ee205/cffi-1.17.1-cp313-cp313-win32.whl", hash = "sha256:e03eab0a8677fa80d646b5ddece1cbeaf556c313dcfac435ba11f107ba117b5d", size = 172475, upload-time = "2024-09-04T20:44:43.733Z" },
    { url = "https://files.pythonhosted.org/packages/7c/fc/6a8cb64e5f0324877d503c854da15d76c1e50eb722e320b15345c4d0c6de/cffi-1.17.1-cp313-cp313-win_amd64.whl", hash = "sha256:f6a16c31041f09ead72d69f583767292f750d24913dadacf5756b966aacb3f1a", size = 182009, upload-time = "2024-09-04T20:44:45.309Z" },
]

[[package]]
name = "charset-normalizer"
version = "3.4.2"
source = { registry = "https://pypi.org/simple" }
sdist = { url = "https://files.pythonhosted.org/packages/e4/33/89c2ced2b67d1c2a61c19c6751aa8902d46ce3dacb23600a283619f5a12d/charset_normalizer-3.4.2.tar.gz", hash = "sha256:5baececa9ecba31eff645232d59845c07aa030f0c81ee70184a90d35099a0e63", size = 126367, upload-time = "2025-05-02T08:34:42.01Z" }
wheels = [
    { url = "https://files.pythonhosted.org/packages/d7/a4/37f4d6035c89cac7930395a35cc0f1b872e652eaafb76a6075943754f095/charset_normalizer-3.4.2-cp312-cp312-macosx_10_13_universal2.whl", hash = "sha256:0c29de6a1a95f24b9a1aa7aefd27d2487263f00dfd55a77719b530788f75cff7", size = 199936, upload-time = "2025-05-02T08:32:33.712Z" },
    { url = "https://files.pythonhosted.org/packages/ee/8a/1a5e33b73e0d9287274f899d967907cd0bf9c343e651755d9307e0dbf2b3/charset_normalizer-3.4.2-cp312-cp312-manylinux_2_17_aarch64.manylinux2014_aarch64.whl", hash = "sha256:cddf7bd982eaa998934a91f69d182aec997c6c468898efe6679af88283b498d3", size = 143790, upload-time = "2025-05-02T08:32:35.768Z" },
    { url = "https://files.pythonhosted.org/packages/66/52/59521f1d8e6ab1482164fa21409c5ef44da3e9f653c13ba71becdd98dec3/charset_normalizer-3.4.2-cp312-cp312-manylinux_2_17_ppc64le.manylinux2014_ppc64le.whl", hash = "sha256:fcbe676a55d7445b22c10967bceaaf0ee69407fbe0ece4d032b6eb8d4565982a", size = 153924, upload-time = "2025-05-02T08:32:37.284Z" },
    { url = "https://files.pythonhosted.org/packages/86/2d/fb55fdf41964ec782febbf33cb64be480a6b8f16ded2dbe8db27a405c09f/charset_normalizer-3.4.2-cp312-cp312-manylinux_2_17_s390x.manylinux2014_s390x.whl", hash = "sha256:d41c4d287cfc69060fa91cae9683eacffad989f1a10811995fa309df656ec214", size = 146626, upload-time = "2025-05-02T08:32:38.803Z" },
    { url = "https://files.pythonhosted.org/packages/8c/73/6ede2ec59bce19b3edf4209d70004253ec5f4e319f9a2e3f2f15601ed5f7/charset_normalizer-3.4.2-cp312-cp312-manylinux_2_17_x86_64.manylinux2014_x86_64.whl", hash = "sha256:4e594135de17ab3866138f496755f302b72157d115086d100c3f19370839dd3a", size = 148567, upload-time = "2025-05-02T08:32:40.251Z" },
    { url = "https://files.pythonhosted.org/packages/09/14/957d03c6dc343c04904530b6bef4e5efae5ec7d7990a7cbb868e4595ee30/charset_normalizer-3.4.2-cp312-cp312-manylinux_2_5_i686.manylinux1_i686.manylinux_2_17_i686.manylinux2014_i686.whl", hash = "sha256:cf713fe9a71ef6fd5adf7a79670135081cd4431c2943864757f0fa3a65b1fafd", size = 150957, upload-time = "2025-05-02T08:32:41.705Z" },
    { url = "https://files.pythonhosted.org/packages/0d/c8/8174d0e5c10ccebdcb1b53cc959591c4c722a3ad92461a273e86b9f5a302/charset_normalizer-3.4.2-cp312-cp312-musllinux_1_2_aarch64.whl", hash = "sha256:a370b3e078e418187da8c3674eddb9d983ec09445c99a3a263c2011993522981", size = 145408, upload-time = "2025-05-02T08:32:43.709Z" },
    { url = "https://files.pythonhosted.org/packages/58/aa/8904b84bc8084ac19dc52feb4f5952c6df03ffb460a887b42615ee1382e8/charset_normalizer-3.4.2-cp312-cp312-musllinux_1_2_i686.whl", hash = "sha256:a955b438e62efdf7e0b7b52a64dc5c3396e2634baa62471768a64bc2adb73d5c", size = 153399, upload-time = "2025-05-02T08:32:46.197Z" },
    { url = "https://files.pythonhosted.org/packages/c2/26/89ee1f0e264d201cb65cf054aca6038c03b1a0c6b4ae998070392a3ce605/charset_normalizer-3.4.2-cp312-cp312-musllinux_1_2_ppc64le.whl", hash = "sha256:7222ffd5e4de8e57e03ce2cef95a4c43c98fcb72ad86909abdfc2c17d227fc1b", size = 156815, upload-time = "2025-05-02T08:32:48.105Z" },
    { url = "https://files.pythonhosted.org/packages/fd/07/68e95b4b345bad3dbbd3a8681737b4338ff2c9df29856a6d6d23ac4c73cb/charset_normalizer-3.4.2-cp312-cp312-musllinux_1_2_s390x.whl", hash = "sha256:bee093bf902e1d8fc0ac143c88902c3dfc8941f7ea1d6a8dd2bcb786d33db03d", size = 154537, upload-time = "2025-05-02T08:32:49.719Z" },
    { url = "https://files.pythonhosted.org/packages/77/1a/5eefc0ce04affb98af07bc05f3bac9094513c0e23b0562d64af46a06aae4/charset_normalizer-3.4.2-cp312-cp312-musllinux_1_2_x86_64.whl", hash = "sha256:dedb8adb91d11846ee08bec4c8236c8549ac721c245678282dcb06b221aab59f", size = 149565, upload-time = "2025-05-02T08:32:51.404Z" },
    { url = "https://files.pythonhosted.org/packages/37/a0/2410e5e6032a174c95e0806b1a6585eb21e12f445ebe239fac441995226a/charset_normalizer-3.4.2-cp312-cp312-win32.whl", hash = "sha256:db4c7bf0e07fc3b7d89ac2a5880a6a8062056801b83ff56d8464b70f65482b6c", size = 98357, upload-time = "2025-05-02T08:32:53.079Z" },
    { url = "https://files.pythonhosted.org/packages/6c/4f/c02d5c493967af3eda9c771ad4d2bbc8df6f99ddbeb37ceea6e8716a32bc/charset_normalizer-3.4.2-cp312-cp312-win_amd64.whl", hash = "sha256:5a9979887252a82fefd3d3ed2a8e3b937a7a809f65dcb1e068b090e165bbe99e", size = 105776, upload-time = "2025-05-02T08:32:54.573Z" },
    { url = "https://files.pythonhosted.org/packages/ea/12/a93df3366ed32db1d907d7593a94f1fe6293903e3e92967bebd6950ed12c/charset_normalizer-3.4.2-cp313-cp313-macosx_10_13_universal2.whl", hash = "sha256:926ca93accd5d36ccdabd803392ddc3e03e6d4cd1cf17deff3b989ab8e9dbcf0", size = 199622, upload-time = "2025-05-02T08:32:56.363Z" },
    { url = "https://files.pythonhosted.org/packages/04/93/bf204e6f344c39d9937d3c13c8cd5bbfc266472e51fc8c07cb7f64fcd2de/charset_normalizer-3.4.2-cp313-cp313-manylinux_2_17_aarch64.manylinux2014_aarch64.whl", hash = "sha256:eba9904b0f38a143592d9fc0e19e2df0fa2e41c3c3745554761c5f6447eedabf", size = 143435, upload-time = "2025-05-02T08:32:58.551Z" },
    { url = "https://files.pythonhosted.org/packages/22/2a/ea8a2095b0bafa6c5b5a55ffdc2f924455233ee7b91c69b7edfcc9e02284/charset_normalizer-3.4.2-cp313-cp313-manylinux_2_17_ppc64le.manylinux2014_ppc64le.whl", hash = "sha256:3fddb7e2c84ac87ac3a947cb4e66d143ca5863ef48e4a5ecb83bd48619e4634e", size = 153653, upload-time = "2025-05-02T08:33:00.342Z" },
    { url = "https://files.pythonhosted.org/packages/b6/57/1b090ff183d13cef485dfbe272e2fe57622a76694061353c59da52c9a659/charset_normalizer-3.4.2-cp313-cp313-manylinux_2_17_s390x.manylinux2014_s390x.whl", hash = "sha256:98f862da73774290f251b9df8d11161b6cf25b599a66baf087c1ffe340e9bfd1", size = 146231, upload-time = "2025-05-02T08:33:02.081Z" },
    { url = "https://files.pythonhosted.org/packages/e2/28/ffc026b26f441fc67bd21ab7f03b313ab3fe46714a14b516f931abe1a2d8/charset_normalizer-3.4.2-cp313-cp313-manylinux_2_17_x86_64.manylinux2014_x86_64.whl", hash = "sha256:6c9379d65defcab82d07b2a9dfbfc2e95bc8fe0ebb1b176a3190230a3ef0e07c", size = 148243, upload-time = "2025-05-02T08:33:04.063Z" },
    { url = "https://files.pythonhosted.org/packages/c0/0f/9abe9bd191629c33e69e47c6ef45ef99773320e9ad8e9cb08b8ab4a8d4cb/charset_normalizer-3.4.2-cp313-cp313-manylinux_2_5_i686.manylinux1_i686.manylinux_2_17_i686.manylinux2014_i686.whl", hash = "sha256:e635b87f01ebc977342e2697d05b56632f5f879a4f15955dfe8cef2448b51691", size = 150442, upload-time = "2025-05-02T08:33:06.418Z" },
    { url = "https://files.pythonhosted.org/packages/67/7c/a123bbcedca91d5916c056407f89a7f5e8fdfce12ba825d7d6b9954a1a3c/charset_normalizer-3.4.2-cp313-cp313-musllinux_1_2_aarch64.whl", hash = "sha256:1c95a1e2902a8b722868587c0e1184ad5c55631de5afc0eb96bc4b0d738092c0", size = 145147, upload-time = "2025-05-02T08:33:08.183Z" },
    { url = "https://files.pythonhosted.org/packages/ec/fe/1ac556fa4899d967b83e9893788e86b6af4d83e4726511eaaad035e36595/charset_normalizer-3.4.2-cp313-cp313-musllinux_1_2_i686.whl", hash = "sha256:ef8de666d6179b009dce7bcb2ad4c4a779f113f12caf8dc77f0162c29d20490b", size = 153057, upload-time = "2025-05-02T08:33:09.986Z" },
    { url = "https://files.pythonhosted.org/packages/2b/ff/acfc0b0a70b19e3e54febdd5301a98b72fa07635e56f24f60502e954c461/charset_normalizer-3.4.2-cp313-cp313-musllinux_1_2_ppc64le.whl", hash = "sha256:32fc0341d72e0f73f80acb0a2c94216bd704f4f0bce10aedea38f30502b271ff", size = 156454, upload-time = "2025-05-02T08:33:11.814Z" },
    { url = "https://files.pythonhosted.org/packages/92/08/95b458ce9c740d0645feb0e96cea1f5ec946ea9c580a94adfe0b617f3573/charset_normalizer-3.4.2-cp313-cp313-musllinux_1_2_s390x.whl", hash = "sha256:289200a18fa698949d2b39c671c2cc7a24d44096784e76614899a7ccf2574b7b", size = 154174, upload-time = "2025-05-02T08:33:13.707Z" },
    { url = "https://files.pythonhosted.org/packages/78/be/8392efc43487ac051eee6c36d5fbd63032d78f7728cb37aebcc98191f1ff/charset_normalizer-3.4.2-cp313-cp313-musllinux_1_2_x86_64.whl", hash = "sha256:4a476b06fbcf359ad25d34a057b7219281286ae2477cc5ff5e3f70a246971148", size = 149166, upload-time = "2025-05-02T08:33:15.458Z" },
    { url = "https://files.pythonhosted.org/packages/44/96/392abd49b094d30b91d9fbda6a69519e95802250b777841cf3bda8fe136c/charset_normalizer-3.4.2-cp313-cp313-win32.whl", hash = "sha256:aaeeb6a479c7667fbe1099af9617c83aaca22182d6cf8c53966491a0f1b7ffb7", size = 98064, upload-time = "2025-05-02T08:33:17.06Z" },
    { url = "https://files.pythonhosted.org/packages/e9/b0/0200da600134e001d91851ddc797809e2fe0ea72de90e09bec5a2fbdaccb/charset_normalizer-3.4.2-cp313-cp313-win_amd64.whl", hash = "sha256:aa6af9e7d59f9c12b33ae4e9450619cf2488e2bbe9b44030905877f0b2324980", size = 105641, upload-time = "2025-05-02T08:33:18.753Z" },
    { url = "https://files.pythonhosted.org/packages/20/94/c5790835a017658cbfabd07f3bfb549140c3ac458cfc196323996b10095a/charset_normalizer-3.4.2-py3-none-any.whl", hash = "sha256:7f56930ab0abd1c45cd15be65cc741c28b1c9a34876ce8c17a2fa107810c0af0", size = 52626, upload-time = "2025-05-02T08:34:40.053Z" },
]

[[package]]
name = "confluent-kafka"
version = "2.10.1"
source = { registry = "https://pypi.org/simple" }
sdist = { url = "https://files.pythonhosted.org/packages/97/0e/8a2e69d0d7fd4f00488856fc6ffa2b525233fba559885daf9c808514ba11/confluent_kafka-2.10.1.tar.gz", hash = "sha256:536c76f6c39a93c367a70016781cf7e73808300228b8e33b444c846fdef801e4", size = 224932, upload-time = "2025-06-13T07:59:42.436Z" }
wheels = [
    { url = "https://files.pythonhosted.org/packages/b1/3d/e6d4c467b685c5172d9b07b4df2b0f5ef3fecae26f87ae6410c48a0df042/confluent_kafka-2.10.1-cp312-cp312-macosx_10_9_x86_64.whl", hash = "sha256:d5303e42f94fc044e27e0224476173fe454d039f7cad5011bae5775086161c23", size = 3583348, upload-time = "2025-06-11T14:02:30.205Z" },
    { url = "https://files.pythonhosted.org/packages/c9/dc/37f17717506411cf0b703be356a08e620461e558c8f5a42d3a1b3c1b233e/confluent_kafka-2.10.1-cp312-cp312-macosx_11_0_arm64.whl", hash = "sha256:a277eec260fd048cfcc32a95da9e14e0701d7c04b276dcc79de7f09fdfa74235", size = 3105330, upload-time = "2025-06-11T14:02:34.45Z" },
    { url = "https://files.pythonhosted.org/packages/a3/c3/b427cafdb1b68d7faf187860c6a5296db1d16771f4b4dd735fbbc5004313/confluent_kafka-2.10.1-cp312-cp312-manylinux_2_28_aarch64.whl", hash = "sha256:9c4282213d9066ba37d5508d01c1e1e63963f4ea2273d918ebcf8990311347ad", size = 15316144, upload-time = "2025-06-11T14:02:43.267Z" },
    { url = "https://files.pythonhosted.org/packages/6a/a8/5a2499d81ed8495a62be68035ea953806735da9df4b62d2d81c157c347b2/confluent_kafka-2.10.1-cp312-cp312-manylinux_2_28_x86_64.whl", hash = "sha256:08aef1602a5dd2fc448dac5009b345d93304d8ab53640c8a63f06714f4420294", size = 3898933, upload-time = "2025-06-11T14:02:49.4Z" },
    { url = "https://files.pythonhosted.org/packages/40/39/c40d6a77b53e7b83af515d43af80838f9e2c13dbd2d99be039c31db26e44/confluent_kafka-2.10.1-cp312-cp312-win_amd64.whl", hash = "sha256:352152e0562a5feb2fa4ec4f91b801fed56695f5508946ff084aa23b4495b201", size = 4023143, upload-time = "2025-06-11T14:02:54.474Z" },
    { url = "https://files.pythonhosted.org/packages/66/cb/1866efb2fdf8392d36f6441a20adbacece03bfc863dce7f49b7fe8e21f41/confluent_kafka-2.10.1-cp313-cp313-macosx_13_0_arm64.whl", hash = "sha256:325b774ebf37d5d5e7fdcda58bea2925c5bf536da365db0e80e4e3e1d1e4b748", size = 3109825, upload-time = "2025-06-11T14:02:58.369Z" },
    { url = "https://files.pythonhosted.org/packages/85/f9/2948f3fe40a13364e81cf461f229bad0bda43a2509031cf130f08508ff09/confluent_kafka-2.10.1-cp313-cp313-macosx_13_0_x86_64.whl", hash = "sha256:d2190269874554e5b2dd8b8d08968d3f205107fbe58c7199bde7c89aabeabff2", size = 3586733, upload-time = "2025-06-11T14:03:02.567Z" },
    { url = "https://files.pythonhosted.org/packages/a3/a9/95f90c0bef22b09e13c75654f7ecdbb6abdae2814398e2dee805c31d8181/confluent_kafka-2.10.1-cp313-cp313-manylinux_2_28_aarch64.whl", hash = "sha256:3a10d099efbdddd58d71172db50de784991c4f2d47a55c09e5023e943aef88bf", size = 15316565, upload-time = "2025-06-11T14:03:11.376Z" },
    { url = "https://files.pythonhosted.org/packages/e3/80/b87135850208e12c034a30a97a9085e6997ed31b29db46a3cd583b9d30d1/confluent_kafka-2.10.1-cp313-cp313-manylinux_2_28_x86_64.whl", hash = "sha256:deb4d95114ada2020abc24b48c3861dd96f164955652e7bd9f9b8e84b257c03a", size = 3899308, upload-time = "2025-06-11T14:03:16.695Z" },
    { url = "https://files.pythonhosted.org/packages/7c/6b/c8ae73571b788798b32afe1973bb9050fd3392a46fb0601d0eb58c39b75e/confluent_kafka-2.10.1-cp313-cp313-win_amd64.whl", hash = "sha256:b8040e89e89d462331fc5c46d6f6b79d22f1b9482afc8005776029965b86b41c", size = 4082775, upload-time = "2025-06-11T14:03:21.648Z" },
    { url = "https://files.pythonhosted.org/packages/8e/7e/37b254dbf4aa5e1690d9a189527b17d09844fd51634ae14eebf31f9cad60/confluent_kafka-2.10.1-cp313-cp313t-manylinux_2_28_aarch64.whl", hash = "sha256:a7724d6fb4526240980fcae7900c62ffb93ce5c5926a4e19133ec79e26558b61", size = 15315150, upload-time = "2025-06-11T14:03:34.153Z" },
]

[[package]]
name = "cryptography"
version = "45.0.4"
source = { registry = "https://pypi.org/simple" }
dependencies = [
    { name = "cffi", marker = "platform_python_implementation != 'PyPy'" },
]
sdist = { url = "https://files.pythonhosted.org/packages/fe/c8/a2a376a8711c1e11708b9c9972e0c3223f5fc682552c82d8db844393d6ce/cryptography-45.0.4.tar.gz", hash = "sha256:7405ade85c83c37682c8fe65554759800a4a8c54b2d96e0f8ad114d31b808d57", size = 744890, upload-time = "2025-06-10T00:03:51.297Z" }
wheels = [
    { url = "https://files.pythonhosted.org/packages/cc/1c/92637793de053832523b410dbe016d3f5c11b41d0cf6eef8787aabb51d41/cryptography-45.0.4-cp311-abi3-macosx_10_9_universal2.whl", hash = "sha256:425a9a6ac2823ee6e46a76a21a4e8342d8fa5c01e08b823c1f19a8b74f096069", size = 7055712, upload-time = "2025-06-10T00:02:38.826Z" },
    { url = "https://files.pythonhosted.org/packages/ba/14/93b69f2af9ba832ad6618a03f8a034a5851dc9a3314336a3d71c252467e1/cryptography-45.0.4-cp311-abi3-manylinux2014_aarch64.manylinux_2_17_aarch64.whl", hash = "sha256:680806cf63baa0039b920f4976f5f31b10e772de42f16310a6839d9f21a26b0d", size = 4205335, upload-time = "2025-06-10T00:02:41.64Z" },
    { url = "https://files.pythonhosted.org/packages/67/30/fae1000228634bf0b647fca80403db5ca9e3933b91dd060570689f0bd0f7/cryptography-45.0.4-cp311-abi3-manylinux2014_x86_64.manylinux_2_17_x86_64.whl", hash = "sha256:4ca0f52170e821bc8da6fc0cc565b7bb8ff8d90d36b5e9fdd68e8a86bdf72036", size = 4431487, upload-time = "2025-06-10T00:02:43.696Z" },
    { url = "https://files.pythonhosted.org/packages/6d/5a/7dffcf8cdf0cb3c2430de7404b327e3db64735747d641fc492539978caeb/cryptography-45.0.4-cp311-abi3-manylinux_2_28_aarch64.whl", hash = "sha256:f3fe7a5ae34d5a414957cc7f457e2b92076e72938423ac64d215722f6cf49a9e", size = 4208922, upload-time = "2025-06-10T00:02:45.334Z" },
    { url = "https://files.pythonhosted.org/packages/c6/f3/528729726eb6c3060fa3637253430547fbaaea95ab0535ea41baa4a6fbd8/cryptography-45.0.4-cp311-abi3-manylinux_2_28_armv7l.manylinux_2_31_armv7l.whl", hash = "sha256:25eb4d4d3e54595dc8adebc6bbd5623588991d86591a78c2548ffb64797341e2", size = 3900433, upload-time = "2025-06-10T00:02:47.359Z" },
    { url = "https://files.pythonhosted.org/packages/d9/4a/67ba2e40f619e04d83c32f7e1d484c1538c0800a17c56a22ff07d092ccc1/cryptography-45.0.4-cp311-abi3-manylinux_2_28_x86_64.whl", hash = "sha256:ce1678a2ccbe696cf3af15a75bb72ee008d7ff183c9228592ede9db467e64f1b", size = 4464163, upload-time = "2025-06-10T00:02:49.412Z" },
    { url = "https://files.pythonhosted.org/packages/7e/9a/b4d5aa83661483ac372464809c4b49b5022dbfe36b12fe9e323ca8512420/cryptography-45.0.4-cp311-abi3-manylinux_2_34_aarch64.whl", hash = "sha256:49fe9155ab32721b9122975e168a6760d8ce4cffe423bcd7ca269ba41b5dfac1", size = 4208687, upload-time = "2025-06-10T00:02:50.976Z" },
    { url = "https://files.pythonhosted.org/packages/db/b7/a84bdcd19d9c02ec5807f2ec2d1456fd8451592c5ee353816c09250e3561/cryptography-45.0.4-cp311-abi3-manylinux_2_34_x86_64.whl", hash = "sha256:2882338b2a6e0bd337052e8b9007ced85c637da19ef9ecaf437744495c8c2999", size = 4463623, upload-time = "2025-06-10T00:02:52.542Z" },
    { url = "https://files.pythonhosted.org/packages/d8/84/69707d502d4d905021cac3fb59a316344e9f078b1da7fb43ecde5e10840a/cryptography-45.0.4-cp311-abi3-musllinux_1_2_aarch64.whl", hash = "sha256:23b9c3ea30c3ed4db59e7b9619272e94891f8a3a5591d0b656a7582631ccf750", size = 4332447, upload-time = "2025-06-10T00:02:54.63Z" },
    { url = "https://files.pythonhosted.org/packages/f3/ee/d4f2ab688e057e90ded24384e34838086a9b09963389a5ba6854b5876598/cryptography-45.0.4-cp311-abi3-musllinux_1_2_x86_64.whl", hash = "sha256:b0a97c927497e3bc36b33987abb99bf17a9a175a19af38a892dc4bbb844d7ee2", size = 4572830, upload-time = "2025-06-10T00:02:56.689Z" },
    { url = "https://files.pythonhosted.org/packages/70/d4/994773a261d7ff98034f72c0e8251fe2755eac45e2265db4c866c1c6829c/cryptography-45.0.4-cp311-abi3-win32.whl", hash = "sha256:e00a6c10a5c53979d6242f123c0a97cff9f3abed7f064fc412c36dc521b5f257", size = 2932769, upload-time = "2025-06-10T00:02:58.467Z" },
    { url = "https://files.pythonhosted.org/packages/5a/42/c80bd0b67e9b769b364963b5252b17778a397cefdd36fa9aa4a5f34c599a/cryptography-45.0.4-cp311-abi3-win_amd64.whl", hash = "sha256:817ee05c6c9f7a69a16200f0c90ab26d23a87701e2a284bd15156783e46dbcc8", size = 3410441, upload-time = "2025-06-10T00:03:00.14Z" },
    { url = "https://files.pythonhosted.org/packages/ce/0b/2488c89f3a30bc821c9d96eeacfcab6ff3accc08a9601ba03339c0fd05e5/cryptography-45.0.4-cp37-abi3-macosx_10_9_universal2.whl", hash = "sha256:964bcc28d867e0f5491a564b7debb3ffdd8717928d315d12e0d7defa9e43b723", size = 7031836, upload-time = "2025-06-10T00:03:01.726Z" },
    { url = "https://files.pythonhosted.org/packages/fe/51/8c584ed426093aac257462ae62d26ad61ef1cbf5b58d8b67e6e13c39960e/cryptography-45.0.4-cp37-abi3-manylinux2014_aarch64.manylinux_2_17_aarch64.whl", hash = "sha256:6a5bf57554e80f75a7db3d4b1dacaa2764611ae166ab42ea9a72bcdb5d577637", size = 4195746, upload-time = "2025-06-10T00:03:03.94Z" },
    { url = "https://files.pythonhosted.org/packages/5c/7d/4b0ca4d7af95a704eef2f8f80a8199ed236aaf185d55385ae1d1610c03c2/cryptography-45.0.4-cp37-abi3-manylinux2014_x86_64.manylinux_2_17_x86_64.whl", hash = "sha256:46cf7088bf91bdc9b26f9c55636492c1cce3e7aaf8041bbf0243f5e5325cfb2d", size = 4424456, upload-time = "2025-06-10T00:03:05.589Z" },
    { url = "https://files.pythonhosted.org/packages/1d/45/5fabacbc6e76ff056f84d9f60eeac18819badf0cefc1b6612ee03d4ab678/cryptography-45.0.4-cp37-abi3-manylinux_2_28_aarch64.whl", hash = "sha256:7bedbe4cc930fa4b100fc845ea1ea5788fcd7ae9562e669989c11618ae8d76ee", size = 4198495, upload-time = "2025-06-10T00:03:09.172Z" },
    { url = "https://files.pythonhosted.org/packages/55/b7/ffc9945b290eb0a5d4dab9b7636706e3b5b92f14ee5d9d4449409d010d54/cryptography-45.0.4-cp37-abi3-manylinux_2_28_armv7l.manylinux_2_31_armv7l.whl", hash = "sha256:eaa3e28ea2235b33220b949c5a0d6cf79baa80eab2eb5607ca8ab7525331b9ff", size = 3885540, upload-time = "2025-06-10T00:03:10.835Z" },
    { url = "https://files.pythonhosted.org/packages/7f/e3/57b010282346980475e77d414080acdcb3dab9a0be63071efc2041a2c6bd/cryptography-45.0.4-cp37-abi3-manylinux_2_28_x86_64.whl", hash = "sha256:7ef2dde4fa9408475038fc9aadfc1fb2676b174e68356359632e980c661ec8f6", size = 4452052, upload-time = "2025-06-10T00:03:12.448Z" },
    { url = "https://files.pythonhosted.org/packages/37/e6/ddc4ac2558bf2ef517a358df26f45bc774a99bf4653e7ee34b5e749c03e3/cryptography-45.0.4-cp37-abi3-manylinux_2_34_aarch64.whl", hash = "sha256:6a3511ae33f09094185d111160fd192c67aa0a2a8d19b54d36e4c78f651dc5ad", size = 4198024, upload-time = "2025-06-10T00:03:13.976Z" },
    { url = "https://files.pythonhosted.org/packages/3a/c0/85fa358ddb063ec588aed4a6ea1df57dc3e3bc1712d87c8fa162d02a65fc/cryptography-45.0.4-cp37-abi3-manylinux_2_34_x86_64.whl", hash = "sha256:06509dc70dd71fa56eaa138336244e2fbaf2ac164fc9b5e66828fccfd2b680d6", size = 4451442, upload-time = "2025-06-10T00:03:16.248Z" },
    { url = "https://files.pythonhosted.org/packages/33/67/362d6ec1492596e73da24e669a7fbbaeb1c428d6bf49a29f7a12acffd5dc/cryptography-45.0.4-cp37-abi3-musllinux_1_2_aarch64.whl", hash = "sha256:5f31e6b0a5a253f6aa49be67279be4a7e5a4ef259a9f33c69f7d1b1191939872", size = 4325038, upload-time = "2025-06-10T00:03:18.4Z" },
    { url = "https://files.pythonhosted.org/packages/53/75/82a14bf047a96a1b13ebb47fb9811c4f73096cfa2e2b17c86879687f9027/cryptography-45.0.4-cp37-abi3-musllinux_1_2_x86_64.whl", hash = "sha256:944e9ccf67a9594137f942d5b52c8d238b1b4e46c7a0c2891b7ae6e01e7c80a4", size = 4560964, upload-time = "2025-06-10T00:03:20.06Z" },
    { url = "https://files.pythonhosted.org/packages/cd/37/1a3cba4c5a468ebf9b95523a5ef5651244693dc712001e276682c278fc00/cryptography-45.0.4-cp37-abi3-win32.whl", hash = "sha256:c22fe01e53dc65edd1945a2e6f0015e887f84ced233acecb64b4daadb32f5c97", size = 2924557, upload-time = "2025-06-10T00:03:22.563Z" },
    { url = "https://files.pythonhosted.org/packages/2a/4b/3256759723b7e66380397d958ca07c59cfc3fb5c794fb5516758afd05d41/cryptography-45.0.4-cp37-abi3-win_amd64.whl", hash = "sha256:627ba1bc94f6adf0b0a2e35d87020285ead22d9f648c7e75bb64f367375f3b22", size = 3395508, upload-time = "2025-06-10T00:03:24.586Z" },
]

[[package]]
name = "fastavro"
version = "1.11.1"
source = { registry = "https://pypi.org/simple" }
sdist = { url = "https://files.pythonhosted.org/packages/48/8f/32664a3245247b13702d13d2657ea534daf64e58a3f72a3a2d10598d6916/fastavro-1.11.1.tar.gz", hash = "sha256:bf6acde5ee633a29fb8dfd6dfea13b164722bc3adc05a0e055df080549c1c2f8", size = 1016250, upload-time = "2025-05-18T04:54:31.413Z" }
wheels = [
    { url = "https://files.pythonhosted.org/packages/99/58/8e789b0a2f532b22e2d090c20d27c88f26a5faadcba4c445c6958ae566cf/fastavro-1.11.1-cp312-cp312-macosx_10_13_universal2.whl", hash = "sha256:e8bc238f2637cd5d15238adbe8fb8c58d2e6f1870e0fb28d89508584670bae4b", size = 939583, upload-time = "2025-05-18T04:54:59.853Z" },
    { url = "https://files.pythonhosted.org/packages/34/3f/02ed44742b1224fe23c9fc9b9b037fc61769df716c083cf80b59a02b9785/fastavro-1.11.1-cp312-cp312-manylinux_2_17_aarch64.manylinux2014_aarch64.whl", hash = "sha256:b403933081c83fc4d8a012ee64b86e560a024b1280e3711ee74f2abc904886e8", size = 3257734, upload-time = "2025-05-18T04:55:02.366Z" },
    { url = "https://files.pythonhosted.org/packages/cc/bc/9cc8b19eeee9039dd49719f8b4020771e805def262435f823fa8f27ddeea/fastavro-1.11.1-cp312-cp312-manylinux_2_17_x86_64.manylinux2014_x86_64.whl", hash = "sha256:3f6ecb4b5f77aa756d973b7dd1c2fb4e4c95b4832a3c98b059aa96c61870c709", size = 3318218, upload-time = "2025-05-18T04:55:04.352Z" },
    { url = "https://files.pythonhosted.org/packages/39/77/3b73a986606494596b6d3032eadf813a05b59d1623f54384a23de4217d5f/fastavro-1.11.1-cp312-cp312-musllinux_1_2_aarch64.whl", hash = "sha256:059893df63ef823b0231b485c9d43016c7e32850cae7bf69f4e9d46dd41c28f2", size = 3297296, upload-time = "2025-05-18T04:55:06.175Z" },
    { url = "https://files.pythonhosted.org/packages/8e/1c/b69ceef6494bd0df14752b5d8648b159ad52566127bfd575e9f5ecc0c092/fastavro-1.11.1-cp312-cp312-musllinux_1_2_x86_64.whl", hash = "sha256:5120ffc9a200699218e01777e695a2f08afb3547ba818184198c757dc39417bd", size = 3438056, upload-time = "2025-05-18T04:55:08.276Z" },
    { url = "https://files.pythonhosted.org/packages/ef/11/5c2d0db3bd0e6407546fabae9e267bb0824eacfeba79e7dd81ad88afa27d/fastavro-1.11.1-cp312-cp312-win_amd64.whl", hash = "sha256:7bb9d0d2233f33a52908b6ea9b376fe0baf1144bdfdfb3c6ad326e200a8b56b0", size = 442824, upload-time = "2025-05-18T04:55:10.385Z" },
    { url = "https://files.pythonhosted.org/packages/ec/08/8e25b9e87a98f8c96b25e64565fa1a1208c0095bb6a84a5c8a4b925688a5/fastavro-1.11.1-cp313-cp313-macosx_10_13_universal2.whl", hash = "sha256:f963b8ddaf179660e814ab420850c1b4ea33e2ad2de8011549d958b21f77f20a", size = 931520, upload-time = "2025-05-18T04:55:11.614Z" },
    { url = "https://files.pythonhosted.org/packages/02/ee/7cf5561ef94781ed6942cee6b394a5e698080f4247f00f158ee396ec244d/fastavro-1.11.1-cp313-cp313-manylinux_2_17_aarch64.manylinux2014_aarch64.whl", hash = "sha256:0253e5b6a3c9b62fae9fc3abd8184c5b64a833322b6af7d666d3db266ad879b5", size = 3195989, upload-time = "2025-05-18T04:55:13.732Z" },
    { url = "https://files.pythonhosted.org/packages/b3/31/f02f097d79f090e5c5aca8a743010c4e833a257c0efdeb289c68294f7928/fastavro-1.11.1-cp313-cp313-manylinux_2_17_x86_64.manylinux2014_x86_64.whl", hash = "sha256:ca637b150e1f4c0e8e564fad40a16bd922bcb7ffd1a6e4836e6084f2c4f4e8db", size = 3239755, upload-time = "2025-05-18T04:55:16.463Z" },
    { url = "https://files.pythonhosted.org/packages/09/4c/46626b4ee4eb8eb5aa7835973c6ba8890cf082ef2daface6071e788d2992/fastavro-1.11.1-cp313-cp313-musllinux_1_2_aarch64.whl", hash = "sha256:76af1709031621828ca6ce7f027f7711fa33ac23e8269e7a5733996ff8d318da", size = 3243788, upload-time = "2025-05-18T04:55:18.544Z" },
    { url = "https://files.pythonhosted.org/packages/a7/6f/8ed42524e9e8dc0554f0f211dd1c6c7a9dde83b95388ddcf7c137e70796f/fastavro-1.11.1-cp313-cp313-musllinux_1_2_x86_64.whl", hash = "sha256:8224e6d8d9864d4e55dafbe88920d6a1b8c19cc3006acfac6aa4f494a6af3450", size = 3378330, upload-time = "2025-05-18T04:55:20.887Z" },
    { url = "https://files.pythonhosted.org/packages/b8/51/38cbe243d5facccab40fc43a4c17db264c261be955ce003803d25f0da2c3/fastavro-1.11.1-cp313-cp313-win_amd64.whl", hash = "sha256:cde7ed91b52ff21f0f9f157329760ba7251508ca3e9618af3ffdac986d9faaa2", size = 443115, upload-time = "2025-05-18T04:55:22.107Z" },
    { url = "https://files.pythonhosted.org/packages/d0/57/0d31ed1a49c65ad9f0f0128d9a928972878017781f9d4336f5f60982334c/fastavro-1.11.1-cp313-cp313t-macosx_10_13_universal2.whl", hash = "sha256:e5ed1325c1c414dd954e7a2c5074daefe1eceb672b8c727aa030ba327aa00693", size = 1021401, upload-time = "2025-05-18T04:55:23.431Z" },
    { url = "https://files.pythonhosted.org/packages/56/7a/a3f1a75fbfc16b3eff65dc0efcdb92364967923194312b3f8c8fc2cb95be/fastavro-1.11.1-cp313-cp313t-manylinux_2_17_aarch64.manylinux2014_aarch64.whl", hash = "sha256:8cd3c95baeec37188899824faf44a5ee94dfc4d8667b05b2f867070c7eb174c4", size = 3384349, upload-time = "2025-05-18T04:55:25.575Z" },
    { url = "https://files.pythonhosted.org/packages/be/84/02bceb7518867df84027232a75225db758b9b45f12017c9743f45b73101e/fastavro-1.11.1-cp313-cp313t-manylinux_2_17_x86_64.manylinux2014_x86_64.whl", hash = "sha256:2e0babcd81acceb4c60110af9efa25d890dbb68f7de880f806dadeb1e70fe413", size = 3240658, upload-time = "2025-05-18T04:55:27.633Z" },
    { url = "https://files.pythonhosted.org/packages/f2/17/508c846c644d39bc432b027112068b8e96e7560468304d4c0757539dd73a/fastavro-1.11.1-cp313-cp313t-musllinux_1_2_aarch64.whl", hash = "sha256:b2c0cb8063c7208b53b6867983dc6ae7cc80b91116b51d435d2610a5db2fc52f", size = 3372809, upload-time = "2025-05-18T04:55:30.063Z" },
    { url = "https://files.pythonhosted.org/packages/fe/84/9c2917a70ed570ddbfd1d32ac23200c1d011e36c332e59950d2f6d204941/fastavro-1.11.1-cp313-cp313t-musllinux_1_2_x86_64.whl", hash = "sha256:1bc2824e9969c04ab6263d269a1e0e5d40b9bd16ade6b70c29d6ffbc4f3cc102", size = 3387171, upload-time = "2025-05-18T04:55:32.531Z" },
]

[[package]]
name = "h11"
version = "0.16.0"
source = { registry = "https://pypi.org/simple" }
sdist = { url = "https://files.pythonhosted.org/packages/01/ee/02a2c011bdab74c6fb3c75474d40b3052059d95df7e73351460c8588d963/h11-0.16.0.tar.gz", hash = "sha256:4e35b956cf45792e4caa5885e69fba00bdbc6ffafbfa020300e549b208ee5ff1", size = 101250, upload-time = "2025-04-24T03:35:25.427Z" }
wheels = [
    { url = "https://files.pythonhosted.org/packages/04/4b/29cac41a4d98d144bf5f6d33995617b185d14b22401f75ca86f384e87ff1/h11-0.16.0-py3-none-any.whl", hash = "sha256:63cf8bbe7522de3bf65932fda1d9c2772064ffb3dae62d55932da54b31cb6c86", size = 37515, upload-time = "2025-04-24T03:35:24.344Z" },
]

[[package]]
name = "httpcore"
version = "1.0.9"
source = { registry = "https://pypi.org/simple" }
dependencies = [
    { name = "certifi" },
    { name = "h11" },
]
sdist = { url = "https://files.pythonhosted.org/packages/06/94/82699a10bca87a5556c9c59b5963f2d039dbd239f25bc2a63907a05a14cb/httpcore-1.0.9.tar.gz", hash = "sha256:6e34463af53fd2ab5d807f399a9b45ea31c3dfa2276f15a2c3f00afff6e176e8", size = 85484, upload-time = "2025-04-24T22:06:22.219Z" }
wheels = [
    { url = "https://files.pythonhosted.org/packages/7e/f5/f66802a942d491edb555dd61e3a9961140fd64c90bce1eafd741609d334d/httpcore-1.0.9-py3-none-any.whl", hash = "sha256:2d400746a40668fc9dec9810239072b40b4484b640a8c38fd654a024c7a1bf55", size = 78784, upload-time = "2025-04-24T22:06:20.566Z" },
]

[[package]]
name = "httpx"
version = "0.28.1"
source = { registry = "https://pypi.org/simple" }
dependencies = [
    { name = "anyio" },
    { name = "certifi" },
    { name = "httpcore" },
    { name = "idna" },
]
sdist = { url = "https://files.pythonhosted.org/packages/b1/df/48c586a5fe32a0f01324ee087459e112ebb7224f646c0b5023f5e79e9956/httpx-0.28.1.tar.gz", hash = "sha256:75e98c5f16b0f35b567856f597f06ff2270a374470a5c2392242528e3e3e42fc", size = 141406, upload-time = "2024-12-06T15:37:23.222Z" }
wheels = [
    { url = "https://files.pythonhosted.org/packages/2a/39/e50c7c3a983047577ee07d2a9e53faf5a69493943ec3f6a384bdc792deb2/httpx-0.28.1-py3-none-any.whl", hash = "sha256:d909fcccc110f8c7faf814ca82a9a4d816bc5a6dbfea25d6591d6985b8ba59ad", size = 73517, upload-time = "2024-12-06T15:37:21.509Z" },
]

[[package]]
name = "idna"
version = "3.10"
source = { registry = "https://pypi.org/simple" }
sdist = { url = "https://files.pythonhosted.org/packages/f1/70/7703c29685631f5a7590aa73f1f1d3fa9a380e654b86af429e0934a32f7d/idna-3.10.tar.gz", hash = "sha256:12f65c9b470abda6dc35cf8e63cc574b1c52b11df2c86030af0ac09b01b13ea9", size = 190490, upload-time = "2024-09-15T18:07:39.745Z" }
wheels = [
    { url = "https://files.pythonhosted.org/packages/76/c6/c88e154df9c4e1a2a66ccf0005a88dfb2650c1dffb6f5ce603dfbd452ce3/idna-3.10-py3-none-any.whl", hash = "sha256:946d195a0d259cbba61165e88e65941f16e9b36ea6ddb97f00452bae8b1287d3", size = 70442, upload-time = "2024-09-15T18:07:37.964Z" },
]

[[package]]
name = "kafka-basics"
version = "0.1.0"
source = { virtual = "." }
dependencies = [
    { name = "attrs" },
    { name = "authlib" },
    { name = "avro" },
    { name = "cachetools" },
    { name = "confluent-kafka" },
    { name = "fastavro" },
    { name = "httpx" },
    { name = "requests" },
    { name = "urllib3" },
]

[package.metadata]
requires-dist = [
    { name = "attrs", specifier = ">=25.3.0" },
    { name = "authlib", specifier = ">=1.6.0" },
    { name = "avro", specifier = ">=1.12.0" },
    { name = "cachetools", specifier = ">=6.0.0" },
    { name = "confluent-kafka", specifier = ">=2.10.1" },
    { name = "fastavro", specifier = ">=1.11.1" },
    { name = "httpx", specifier = ">=0.28.1" },
    { name = "requests", specifier = ">=2.32.4" },
    { name = "urllib3", specifier = ">=2.4.0" },
]

[[package]]
name = "pycparser"
version = "2.22"
source = { registry = "https://pypi.org/simple" }
sdist = { url = "https://files.pythonhosted.org/packages/1d/b2/31537cf4b1ca988837256c910a668b553fceb8f069bedc4b1c826024b52c/pycparser-2.22.tar.gz", hash = "sha256:491c8be9c040f5390f5bf44a5b07752bd07f56edf992381b05c701439eec10f6", size = 172736, upload-time = "2024-03-30T13:22:22.564Z" }
wheels = [
    { url = "https://files.pythonhosted.org/packages/13/a3/a812df4e2dd5696d1f351d58b8fe16a405b234ad2886a0dab9183fb78109/pycparser-2.22-py3-none-any.whl", hash = "sha256:c3702b6d3dd8c7abc1afa565d7e63d53a1d0bd86cdc24edd75470f4de499cfcc", size = 117552, upload-time = "2024-03-30T13:22:20.476Z" },
]

[[package]]
name = "requests"
version = "2.32.4"
source = { registry = "https://pypi.org/simple" }
dependencies = [
    { name = "certifi" },
    { name = "charset-normalizer" },
    { name = "idna" },
    { name = "urllib3" },
]
sdist = { url = "https://files.pythonhosted.org/packages/e1/0a/929373653770d8a0d7ea76c37de6e41f11eb07559b103b1c02cafb3f7cf8/requests-2.32.4.tar.gz", hash = "sha256:27d0316682c8a29834d3264820024b62a36942083d52caf2f14c0591336d3422", size = 135258, upload-time = "2025-06-09T16:43:07.34Z" }
wheels = [
    { url = "https://files.pythonhosted.org/packages/7c/e4/56027c4a6b4ae70ca9de302488c5ca95ad4a39e190093d6c1a8ace08341b/requests-2.32.4-py3-none-any.whl", hash = "sha256:27babd3cda2a6d50b30443204ee89830707d396671944c998b5975b031ac2b2c", size = 64847, upload-time = "2025-06-09T16:43:05.728Z" },
]

[[package]]
name = "sniffio"
version = "1.3.1"
source = { registry = "https://pypi.org/simple" }
sdist = { url = "https://files.pythonhosted.org/packages/a2/87/a6771e1546d97e7e041b6ae58d80074f81b7d5121207425c964ddf5cfdbd/sniffio-1.3.1.tar.gz", hash = "sha256:f4324edc670a0f49750a81b895f35c3adb843cca46f0530f79fc1babb23789dc", size = 20372, upload-time = "2024-02-25T23:20:04.057Z" }
wheels = [
    { url = "https://files.pythonhosted.org/packages/e9/44/75a9c9421471a6c4805dbf2356f7c181a29c1879239abab1ea2cc8f38b40/sniffio-1.3.1-py3-none-any.whl", hash = "sha256:2f6da418d1f1e0fddd844478f41680e794e6051915791a034ff65e5f100525a2", size = 10235, upload-time = "2024-02-25T23:20:01.196Z" },
]

[[package]]
name = "typing-extensions"
version = "4.14.0"
source = { registry = "https://pypi.org/simple" }
sdist = { url = "https://files.pythonhosted.org/packages/d1/bc/51647cd02527e87d05cb083ccc402f93e441606ff1f01739a62c8ad09ba5/typing_extensions-4.14.0.tar.gz", hash = "sha256:8676b788e32f02ab42d9e7c61324048ae4c6d844a399eebace3d4979d75ceef4", size = 107423, upload-time = "2025-06-02T14:52:11.399Z" }
wheels = [
    { url = "https://files.pythonhosted.org/packages/69/e0/552843e0d356fbb5256d21449fa957fa4eff3bbc135a74a691ee70c7c5da/typing_extensions-4.14.0-py3-none-any.whl", hash = "sha256:a1514509136dd0b477638fc68d6a91497af5076466ad0fa6c338e44e359944af", size = 43839, upload-time = "2025-06-02T14:52:10.026Z" },
]

[[package]]
name = "urllib3"
version = "2.4.0"
source = { registry = "https://pypi.org/simple" }
sdist = { url = "https://files.pythonhosted.org/packages/8a/78/16493d9c386d8e60e442a35feac5e00f0913c0f4b7c217c11e8ec2ff53e0/urllib3-2.4.0.tar.gz", hash = "sha256:414bc6535b787febd7567804cc015fee39daab8ad86268f1310a9250697de466", size = 390672, upload-time = "2025-04-10T15:23:39.232Z" }
wheels = [
    { url = "https://files.pythonhosted.org/packages/6b/11/cc635220681e93a0183390e26485430ca2c7b5f9d33b15c74c2861cb8091/urllib3-2.4.0-py3-none-any.whl", hash = "sha256:4e16665048960a0900c702d4a66415956a584919c03361cac9f1df5c5dd7e813", size = 128680, upload-time = "2025-04-10T15:23:37.377Z" },
]
